
Microsoft Visual Studio Solution File, Format Version 12.00
# Visual Studio Version 17
VisualStudioVersion = 17.8.34525.116
MinimumVisualStudioVersion = 10.0.40219.1
Project("{FAE04EC0-301F-11D3-BF4B-00C04F79EFBC}") = "Area-de-Trabalho", "Area-de-Trabalho\Area-de-Trabalho.csproj", "{359087D8-2E80-4BF7-BCE5-BECADBFA3F7C}"
EndProject
Global
	GlobalSection(SolutionConfigurationPlatforms) = preSolution
		Debug|Any CPU = Debug|Any CPU
		Release|Any CPU = Release|Any CPU
	EndGlobalSection
	GlobalSection(ProjectConfigurationPlatforms) = postSolution
		{359087D8-2E80-4BF7-BCE5-BECADBFA3F7C}.Debug|Any CPU.ActiveCfg = Debug|Any CPU
		{359087D8-2E80-4BF7-BCE5-BECADBFA3F7C}.Debug|Any CPU.Build.0 = Debug|Any CPU
		{359087D8-2E80-4BF7-BCE5-BECADBFA3F7C}.Release|Any CPU.ActiveCfg = Release|Any CPU
		{359087D8-2E80-4BF7-BCE5-BECADBFA3F7C}.Release|Any CPU.Build.0 = Release|Any CPU
	EndGlobalSection
	GlobalSection(SolutionProperties) = preSolution
		HideSolutionNode = FALSE
	EndGlobalSection
	GlobalSection(ExtensibilityGlobals) = postSolution
		SolutionGuid = {FF8F1EE1-609B-46CD-9F33-D386074CE94D}
	EndGlobalSection
EndGlobal
